<?xml version="1.0" encoding="utf-8"?>
<Project ToolsVersion="4.0" xmlns="http://schemas.microsoft.com/developer/msbuild/2003">
  <ItemGroup>
    <Filter Include="Source Files">
      <UniqueIdentifier>{4FC737F1-C7A5-4376-A066-2A32D752A2FF}</UniqueIdentifier>
      <Extensions>cpp;c;cc;cxx;def;odl;idl;hpj;bat;asm;asmx</Extensions>
    </Filter>
    <Filter Include="Header Files">
      <UniqueIdentifier>{93995380-89BD-4b04-88EB-625FBE52EBFB}</UniqueIdentifier>
      <Extensions>h;hh;hpp;hxx;hm;inl;inc;ipp;xsd</Extensions>
    </Filter>
    <Filter Include="Resource Files">
      <UniqueIdentifier>{67DA6AB6-F800-4c08-8B7A-83BB121AAD01}</UniqueIdentifier>
      <Extensions>rc;ico;cur;bmp;dlg;rc2;rct;bin;rgs;gif;jpg;jpeg;jpe;resx;tiff;tif;png;wav;mfcribbon-ms</Extensions>
    </Filter>
    <Filter Include="Source Files\2018">
      <UniqueIdentifier>{c927a002-286e-4876-9781-193086eeeaf8}</UniqueIdentifier>
    </Filter>
    <Filter Include="Header Files\2018">
      <UniqueIdentifier>{1f91d736-ec53-48a7-885a-6533ba7df0f3}</UniqueIdentifier>
    </Filter>
  </ItemGroup>
  <ItemGroup>
    <ClInclude Include="pch.h">
      <Filter>Header Files</Filter>
    </ClInclude>
    <ClInclude Include="2018\common.h">
      <Filter>Header Files</Filter>
    </ClInclude>
    <ClInclude Include="2018\05.h">
      <Filter>Header Files\2018</Filter>
    </ClInclude>
    <ClInclude Include="2018\2018.h">
      <Filter>Header Files\2018</Filter>
    </ClInclude>
    <ClInclude Include="2018\07.h">
      <Filter>Header Files\2018</Filter>
    </ClInclude>
  </ItemGroup>
  <ItemGroup>
    <ClCompile Include="pch.cpp">
      <Filter>Source Files</Filter>
    </ClCompile>
    <ClCompile Include="main.cpp">
      <Filter>Source Files</Filter>
    </ClCompile>
    <ClCompile Include="2018\05.cpp">
      <Filter>Source Files\2018</Filter>
    </ClCompile>
    <ClCompile Include="2018\07.cpp">
      <Filter>Source Files\2018</Filter>
    </ClCompile>
  </ItemGroup>
  <ItemGroup>
    <Text Include="..\Inputs\2018\02.txt" />
    <Text Include="..\Inputs\2018\03.txt" />
    <Text Include="..\Inputs\2018\04.txt" />
    <Text Include="..\Inputs\2018\05.txt" />
    <Text Include="..\Inputs\2018\02.txt" />
    <Text Include="..\Inputs\2018\03.txt" />
    <Text Include="..\Inputs\2018\04.txt" />
    <Text Include="..\Inputs\2018\05.txt" />
    <Text Include="..\Inputs\2018\02.txt">
      <Filter>Input</Filter>
    </Text>
    <Text Include="..\Inputs\2018\03.txt">
      <Filter>Input</Filter>
    </Text>
    <Text Include="..\Inputs\2018\04.txt">
      <Filter>Input</Filter>
    </Text>
    <Text Include="..\Inputs\2018\05.txt">
      <Filter>Input</Filter>
    </Text>
    <Text Include="..\Inputs\2018\02.txt">
      <Filter>Input</Filter>
    </Text>
    <Text Include="..\Inputs\2018\03.txt">
      <Filter>Input</Filter>
    </Text>
    <Text Include="..\Inputs\2018\04.txt">
      <Filter>Input</Filter>
    </Text>
    <Text Include="..\Inputs\2018\05.txt">
      <Filter>Input</Filter>
    </Text>
    <Text Include="..\Inputs\2018\02.txt">
      <Filter>Input</Filter>
    </Text>
    <Text Include="..\Inputs\2018\03.txt">
      <Filter>Input</Filter>
    </Text>
    <Text Include="..\Inputs\2018\04.txt">
      <Filter>Input</Filter>
    </Text>
    <Text Include="..\Inputs\2018\05.txt">
      <Filter>Input</Filter>
    </Text>
    <Text Include="..\Inputs\**\*.txt">
      <Filter>Input</Filter>
    </Text>
    <Text Include="..\Inputs\**\*.txt">
      <Filter>Input</Filter>
    </Text>
  </ItemGroup>
</Project>